
Microsoft Visual Studio Solution File, Format Version 12.00
# Visual Studio Version 16
VisualStudioVersion = 16.0.31129.286
MinimumVisualStudioVersion = 10.0.40219.1
Project("{FAE04EC0-301F-11D3-BF4B-00C04F79EFBC}") = "Petstaurant", "Petstaurant\Petstaurant.csproj", "{5E5A3440-DFCF-4068-9030-585DCE43A6AA}"
EndProject
Global
	GlobalSection(SolutionConfigurationPlatforms) = preSolution
		Debug|Any CPU = Debug|Any CPU
		Release|Any CPU = Release|Any CPU
	EndGlobalSection
	GlobalSection(ProjectConfigurationPlatforms) = postSolution
		{5E5A3440-DFCF-4068-9030-585DCE43A6AA}.Debug|Any CPU.ActiveCfg = Debug|Any CPU
		{5E5A3440-DFCF-4068-9030-585DCE43A6AA}.Debug|Any CPU.Build.0 = Debug|Any CPU
		{5E5A3440-DFCF-4068-9030-585DCE43A6AA}.Release|Any CPU.ActiveCfg = Release|Any CPU
		{5E5A3440-DFCF-4068-9030-585DCE43A6AA}.Release|Any CPU.Build.0 = Release|Any CPU
	EndGlobalSection
	GlobalSection(SolutionProperties) = preSolution
		HideSolutionNode = FALSE
	EndGlobalSection
	GlobalSection(ExtensibilityGlobals) = postSolution
		SolutionGuid = {F8497DEB-2EE2-4943-8FBA-A825442831AB}
	EndGlobalSection
EndGlobal
